
Microsoft Visual Studio Solution File, Format Version 12.00
# Visual Studio Version 16
VisualStudioVersion = 16.0.36324.18
MinimumVisualStudioVersion = 10.0.40219.1
Project("{FAE04EC0-301F-11D3-BF4B-00C04F79EFBC}") = "wpFrontendCenso", "wpFrontendCenso\wpFrontendCenso.csproj", "{BB645A4B-1A87-4C24-844D-D0CFA9EB8F9B}"
EndProject
Global
	GlobalSection(SolutionConfigurationPlatforms) = preSolution
		Debug|Any CPU = Debug|Any CPU
		Release|Any CPU = Release|Any CPU
	EndGlobalSection
	GlobalSection(ProjectConfigurationPlatforms) = postSolution
		{BB645A4B-1A87-4C24-844D-D0CFA9EB8F9B}.Debug|Any CPU.ActiveCfg = Debug|Any CPU
		{BB645A4B-1A87-4C24-844D-D0CFA9EB8F9B}.Debug|Any CPU.Build.0 = Debug|Any CPU
		{BB645A4B-1A87-4C24-844D-D0CFA9EB8F9B}.Release|Any CPU.ActiveCfg = Release|Any CPU
		{BB645A4B-1A87-4C24-844D-D0CFA9EB8F9B}.Release|Any CPU.Build.0 = Release|Any CPU
	EndGlobalSection
	GlobalSection(SolutionProperties) = preSolution
		HideSolutionNode = FALSE
	EndGlobalSection
	GlobalSection(ExtensibilityGlobals) = postSolution
		SolutionGuid = {3EFD174D-11CB-457B-970B-31FF41F78058}
	EndGlobalSection
EndGlobal
